{
  "name": "Lobby",
  "version": "3.5.2",
  "lockfileVersion": 1,
  "requires": true,
  "dependencies": {
    "rubix-lib-hf": {
      "version": "0.0.25",
      "resolved": "https://registry.npmjs.org/rubix-lib-hf/-/rubix-lib-hf-0.0.25.tgz",
      "integrity": "sha512-f3y2MwxxEMSnH38MdoBLV6b2c7PVMX1BhYVfHOEIo8KdXy+rzkb7INWhEe5pvRGUwLjQxoxP4lB7cbteZd1dmQ=="
    }
  }
}
